
Microsoft Visual Studio Solution File, Format Version 12.00
# Visual Studio Version 16
VisualStudioVersion = 16.0.30621.155
MinimumVisualStudioVersion = 10.0.40219.1
Project("{FAE04EC0-301F-11D3-BF4B-00C04F79EFBC}") = "ServerTest", "ServerTest\ServerTest.csproj", "{5FB6119A-F3B4-4BB5-B446-336AF610A171}"
EndProject
Global
	GlobalSection(SolutionConfigurationPlatforms) = preSolution
		Debug|Any CPU = Debug|Any CPU
		Release|Any CPU = Release|Any CPU
	EndGlobalSection
	GlobalSection(ProjectConfigurationPlatforms) = postSolution
		{5FB6119A-F3B4-4BB5-B446-336AF610A171}.Debug|Any CPU.ActiveCfg = Debug|Any CPU
		{5FB6119A-F3B4-4BB5-B446-336AF610A171}.Debug|Any CPU.Build.0 = Debug|Any CPU
		{5FB6119A-F3B4-4BB5-B446-336AF610A171}.Release|Any CPU.ActiveCfg = Release|Any CPU
		{5FB6119A-F3B4-4BB5-B446-336AF610A171}.Release|Any CPU.Build.0 = Release|Any CPU
	EndGlobalSection
	GlobalSection(SolutionProperties) = preSolution
		HideSolutionNode = FALSE
	EndGlobalSection
	GlobalSection(ExtensibilityGlobals) = postSolution
		SolutionGuid = {94A86C64-8932-48DF-A525-0A9BA4898F87}
	EndGlobalSection
EndGlobal
