
Microsoft Visual Studio Solution File, Format Version 12.00
# Visual Studio Version 16
VisualStudioVersion = 16.0.30621.155
MinimumVisualStudioVersion = 10.0.40219.1
Project("{FAE04EC0-301F-11D3-BF4B-00C04F79EFBC}") = "ClientForm", "ClientForm\ClientForm.csproj", "{4D2C5FD1-D082-4B38-BF46-BCC1210F9751}"
EndProject
Global
	GlobalSection(SolutionConfigurationPlatforms) = preSolution
		Debug|Any CPU = Debug|Any CPU
		Release|Any CPU = Release|Any CPU
	EndGlobalSection
	GlobalSection(ProjectConfigurationPlatforms) = postSolution
		{4D2C5FD1-D082-4B38-BF46-BCC1210F9751}.Debug|Any CPU.ActiveCfg = Debug|Any CPU
		{4D2C5FD1-D082-4B38-BF46-BCC1210F9751}.Debug|Any CPU.Build.0 = Debug|Any CPU
		{4D2C5FD1-D082-4B38-BF46-BCC1210F9751}.Release|Any CPU.ActiveCfg = Release|Any CPU
		{4D2C5FD1-D082-4B38-BF46-BCC1210F9751}.Release|Any CPU.Build.0 = Release|Any CPU
	EndGlobalSection
	GlobalSection(SolutionProperties) = preSolution
		HideSolutionNode = FALSE
	EndGlobalSection
	GlobalSection(ExtensibilityGlobals) = postSolution
		SolutionGuid = {22D548D3-31C3-414C-976F-2CA7ECBD66BB}
	EndGlobalSection
EndGlobal
