
Microsoft Visual Studio Solution File, Format Version 12.00
# Visual Studio Version 16
VisualStudioVersion = 16.0.30621.155
MinimumVisualStudioVersion = 10.0.40219.1
Project("{FAE04EC0-301F-11D3-BF4B-00C04F79EFBC}") = "ClientTest", "ClientTest\ClientTest.csproj", "{CF5306C2-92F5-44B2-B3FA-FE95919F07A0}"
EndProject
Global
	GlobalSection(SolutionConfigurationPlatforms) = preSolution
		Debug|Any CPU = Debug|Any CPU
		Release|Any CPU = Release|Any CPU
	EndGlobalSection
	GlobalSection(ProjectConfigurationPlatforms) = postSolution
		{CF5306C2-92F5-44B2-B3FA-FE95919F07A0}.Debug|Any CPU.ActiveCfg = Debug|Any CPU
		{CF5306C2-92F5-44B2-B3FA-FE95919F07A0}.Debug|Any CPU.Build.0 = Debug|Any CPU
		{CF5306C2-92F5-44B2-B3FA-FE95919F07A0}.Release|Any CPU.ActiveCfg = Release|Any CPU
		{CF5306C2-92F5-44B2-B3FA-FE95919F07A0}.Release|Any CPU.Build.0 = Release|Any CPU
	EndGlobalSection
	GlobalSection(SolutionProperties) = preSolution
		HideSolutionNode = FALSE
	EndGlobalSection
	GlobalSection(ExtensibilityGlobals) = postSolution
		SolutionGuid = {A49B9630-8A0E-4672-8F38-63B0EE21FDC4}
	EndGlobalSection
EndGlobal
