
Microsoft Visual Studio Solution File, Format Version 12.00
# Visual Studio 2013
VisualStudioVersion = 12.0.21005.1
MinimumVisualStudioVersion = 10.0.40219.1
Project("{FAE04EC0-301F-11D3-BF4B-00C04F79EFBC}") = "동전게임", "동전게임\동전게임.csproj", "{A1BD35B7-248D-4C7E-B288-0F5012DD87D9}"
EndProject
Project("{FAE04EC0-301F-11D3-BF4B-00C04F79EFBC}") = "동전게임서버", "동전게임서버\동전게임서버.csproj", "{9B328043-3DA5-4A8D-8D40-B4B65D9940C4}"
EndProject
Global
	GlobalSection(SolutionConfigurationPlatforms) = preSolution
		Debug|Any CPU = Debug|Any CPU
		Release|Any CPU = Release|Any CPU
	EndGlobalSection
	GlobalSection(ProjectConfigurationPlatforms) = postSolution
		{A1BD35B7-248D-4C7E-B288-0F5012DD87D9}.Debug|Any CPU.ActiveCfg = Debug|Any CPU
		{A1BD35B7-248D-4C7E-B288-0F5012DD87D9}.Debug|Any CPU.Build.0 = Debug|Any CPU
		{A1BD35B7-248D-4C7E-B288-0F5012DD87D9}.Release|Any CPU.ActiveCfg = Release|Any CPU
		{A1BD35B7-248D-4C7E-B288-0F5012DD87D9}.Release|Any CPU.Build.0 = Release|Any CPU
		{9B328043-3DA5-4A8D-8D40-B4B65D9940C4}.Debug|Any CPU.ActiveCfg = Debug|Any CPU
		{9B328043-3DA5-4A8D-8D40-B4B65D9940C4}.Debug|Any CPU.Build.0 = Debug|Any CPU
		{9B328043-3DA5-4A8D-8D40-B4B65D9940C4}.Release|Any CPU.ActiveCfg = Release|Any CPU
		{9B328043-3DA5-4A8D-8D40-B4B65D9940C4}.Release|Any CPU.Build.0 = Release|Any CPU
	EndGlobalSection
	GlobalSection(SolutionProperties) = preSolution
		HideSolutionNode = FALSE
	EndGlobalSection
EndGlobal
